
Microsoft Visual Studio Solution File, Format Version 12.00
Project("{FAE04EC0-301F-11D3-BF4B-00C04F79EFBC}") = "DevOpsExam", "DevOpsExam\DevOpsExam.csproj", "{FCEB7FDC-0142-48B2-89D7-D016489AF278}"
EndProject
Project("{FAE04EC0-301F-11D3-BF4B-00C04F79EFBC}") = "DevOpsTests", "DevOpsTests\DevOpsTests.csproj", "{FB1EA71A-D2FA-471D-85C5-A259352C4465}"
EndProject
Global
	GlobalSection(SolutionConfigurationPlatforms) = preSolution
		Debug|Any CPU = Debug|Any CPU
		Release|Any CPU = Release|Any CPU
	EndGlobalSection
	GlobalSection(ProjectConfigurationPlatforms) = postSolution
		{FCEB7FDC-0142-48B2-89D7-D016489AF278}.Debug|Any CPU.ActiveCfg = Debug|Any CPU
		{FCEB7FDC-0142-48B2-89D7-D016489AF278}.Debug|Any CPU.Build.0 = Debug|Any CPU
		{FCEB7FDC-0142-48B2-89D7-D016489AF278}.Release|Any CPU.ActiveCfg = Release|Any CPU
		{FCEB7FDC-0142-48B2-89D7-D016489AF278}.Release|Any CPU.Build.0 = Release|Any CPU
		{FB1EA71A-D2FA-471D-85C5-A259352C4465}.Debug|Any CPU.ActiveCfg = Debug|Any CPU
		{FB1EA71A-D2FA-471D-85C5-A259352C4465}.Debug|Any CPU.Build.0 = Debug|Any CPU
		{FB1EA71A-D2FA-471D-85C5-A259352C4465}.Release|Any CPU.ActiveCfg = Release|Any CPU
		{FB1EA71A-D2FA-471D-85C5-A259352C4465}.Release|Any CPU.Build.0 = Release|Any CPU
	EndGlobalSection
EndGlobal
